Microsoft Visual Studio Solution File, Format Version 11.00
# Visual Studio 2010
Project("{6989167D-11E4-40FE-8C1A-2192A86A7E90}") = "xbeach", "src\xbeach\xbeach.vfproj", "{72E3F77D-F93B-44E1-B765-F01069CE7394}"
	ProjectSection(ProjectDependencies) = postProject
		{4BD9BE9F-E0F6-4977-B042-D44A63283AE3} = {4BD9BE9F-E0F6-4977-B042-D44A63283AE3}
	EndProjectSection
EndProject
Project("{2150E333-8FDC-42A3-9474-1A3956D46DE8}") = "src", "src", "{9F2BF830-E304-4A05-881E-CF93135C8694}"
EndProject
Project("{2150E333-8FDC-42A3-9474-1A3956D46DE8}") = "test", "test", "{0C10B4F0-837E-48E3-A85C-3AEC67507510}"
EndProject
Project("{6989167D-11E4-40FE-8C1A-2192A86A7E90}") = "xbeachlibrary", "src\xbeachlibrary\xbeachlibrary.vfproj", "{4BD9BE9F-E0F6-4977-B042-D44A63283AE3}"
EndProject
Project("{6989167D-11E4-40FE-8C1A-2192A86A7E90}") = "xbeachlibrary_test", "test\xbeachlibrary_test\xbeachlibrary_test.vfproj", "{00429065-5672-4461-86AF-39FCFAC53DAF}"
	ProjectSection(ProjectDependencies) = postProject
		{10382558-3C7B-4BED-BEE8-C89EDCAE740B} = {10382558-3C7B-4BED-BEE8-C89EDCAE740B}
		{4BD9BE9F-E0F6-4977-B042-D44A63283AE3} = {4BD9BE9F-E0F6-4977-B042-D44A63283AE3}
	EndProjectSection
EndProject
Project("{6989167D-11E4-40FE-8C1A-2192A86A7E90}") = "xbeachlibrary_dynamic", "src\xbeachlibrary\xbeachlibrary_dynamic.vfproj", "{C00053C4-E4CD-4A74-8674-E2C54BEAA9A0}"
	ProjectSection(ProjectDependencies) = postProject
		{4BD9BE9F-E0F6-4977-B042-D44A63283AE3} = {4BD9BE9F-E0F6-4977-B042-D44A63283AE3}
	EndProjectSection
EndProject
Project("{6989167D-11E4-40FE-8C1A-2192A86A7E90}") = "ftnunit", "test\ftnunit\ftnunit.vfproj", "{10382558-3C7B-4BED-BEE8-C89EDCAE740B}"
EndProject
Project("{6989167D-11E4-40FE-8C1A-2192A86A7E90}") = "xbeachlibrary_bmi", "src\xbeachlibrary\xbeachlibrary_bmi.vfproj", "{5E99D89A-B02F-4F92-8EA0-CD2110643379}"
	ProjectSection(ProjectDependencies) = postProject
		{4BD9BE9F-E0F6-4977-B042-D44A63283AE3} = {4BD9BE9F-E0F6-4977-B042-D44A63283AE3}
	EndProjectSection
EndProject
Global
	GlobalSection(SolutionConfigurationPlatforms) = preSolution
		Debug|Win32 = Debug|Win32
		Debug|x64 = Debug|x64
		MPI_Debug|Win32 = MPI_Debug|Win32
		MPI_Debug|x64 = MPI_Debug|x64
		MPI_netcdf_Debug|Win32 = MPI_netcdf_Debug|Win32
		MPI_netcdf_Debug|x64 = MPI_netcdf_Debug|x64
		MPI_netcdf_Release|Win32 = MPI_netcdf_Release|Win32
		MPI_netcdf_Release|x64 = MPI_netcdf_Release|x64
		MPI_Release|Win32 = MPI_Release|Win32
		MPI_Release|x64 = MPI_Release|x64
		netcdf_Debug|Win32 = netcdf_Debug|Win32
		netcdf_Debug|x64 = netcdf_Debug|x64
		netcdf_Release|Win32 = netcdf_Release|Win32
		netcdf_Release|x64 = netcdf_Release|x64
		Release|Win32 = Release|Win32
		Release|x64 = Release|x64
	EndGlobalSection
	GlobalSection(ProjectConfigurationPlatforms) = postSolution
		{72E3F77D-F93B-44E1-B765-F01069CE7394}.Debug|Win32.ActiveCfg = Debug|Win32
		{72E3F77D-F93B-44E1-B765-F01069CE7394}.Debug|Win32.Build.0 = Debug|Win32
		{72E3F77D-F93B-44E1-B765-F01069CE7394}.Debug|x64.ActiveCfg = Debug|x64
		{72E3F77D-F93B-44E1-B765-F01069CE7394}.Debug|x64.Build.0 = Debug|x64
		{72E3F77D-F93B-44E1-B765-F01069CE7394}.MPI_Debug|Win32.ActiveCfg = MPI_Debug|Win32
		{72E3F77D-F93B-44E1-B765-F01069CE7394}.MPI_Debug|Win32.Build.0 = MPI_Debug|Win32
		{72E3F77D-F93B-44E1-B765-F01069CE7394}.MPI_Debug|x64.ActiveCfg = MPI_Debug|x64
		{72E3F77D-F93B-44E1-B765-F01069CE7394}.MPI_Debug|x64.Build.0 = MPI_Debug|x64
		{72E3F77D-F93B-44E1-B765-F01069CE7394}.MPI_netcdf_Debug|Win32.ActiveCfg = MPI_netcdf_Debug|Win32
		{72E3F77D-F93B-44E1-B765-F01069CE7394}.MPI_netcdf_Debug|Win32.Build.0 = MPI_netcdf_Debug|Win32
		{72E3F77D-F93B-44E1-B765-F01069CE7394}.MPI_netcdf_Debug|x64.ActiveCfg = MPI_netcdf_Debug|x64
		{72E3F77D-F93B-44E1-B765-F01069CE7394}.MPI_netcdf_Debug|x64.Build.0 = MPI_netcdf_Debug|x64
		{72E3F77D-F93B-44E1-B765-F01069CE7394}.MPI_netcdf_Release|Win32.ActiveCfg = MPI_netcdf_Release|Win32
		{72E3F77D-F93B-44E1-B765-F01069CE7394}.MPI_netcdf_Release|Win32.Build.0 = MPI_netcdf_Release|Win32
		{72E3F77D-F93B-44E1-B765-F01069CE7394}.MPI_netcdf_Release|x64.ActiveCfg = MPI_netcdf_Release|x64
		{72E3F77D-F93B-44E1-B765-F01069CE7394}.MPI_netcdf_Release|x64.Build.0 = MPI_netcdf_Release|x64
		{72E3F77D-F93B-44E1-B765-F01069CE7394}.MPI_Release|Win32.ActiveCfg = MPI_Release|Win32
		{72E3F77D-F93B-44E1-B765-F01069CE7394}.MPI_Release|Win32.Build.0 = MPI_Release|Win32
		{72E3F77D-F93B-44E1-B765-F01069CE7394}.MPI_Release|x64.ActiveCfg = MPI_Release|x64
		{72E3F77D-F93B-44E1-B765-F01069CE7394}.MPI_Release|x64.Build.0 = MPI_Release|x64
		{72E3F77D-F93B-44E1-B765-F01069CE7394}.netcdf_Debug|Win32.ActiveCfg = netcdf_Debug|Win32
		{72E3F77D-F93B-44E1-B765-F01069CE7394}.netcdf_Debug|Win32.Build.0 = netcdf_Debug|Win32
		{72E3F77D-F93B-44E1-B765-F01069CE7394}.netcdf_Debug|x64.ActiveCfg = netcdf_Debug|x64
		{72E3F77D-F93B-44E1-B765-F01069CE7394}.netcdf_Debug|x64.Build.0 = netcdf_Debug|x64
		{72E3F77D-F93B-44E1-B765-F01069CE7394}.netcdf_Release|Win32.ActiveCfg = netcdf_Release|Win32
		{72E3F77D-F93B-44E1-B765-F01069CE7394}.netcdf_Release|Win32.Build.0 = netcdf_Release|Win32
		{72E3F77D-F93B-44E1-B765-F01069CE7394}.netcdf_Release|x64.ActiveCfg = netcdf_Release|x64
		{72E3F77D-F93B-44E1-B765-F01069CE7394}.netcdf_Release|x64.Build.0 = netcdf_Release|x64
		{72E3F77D-F93B-44E1-B765-F01069CE7394}.Release|Win32.ActiveCfg = Release|Win32
		{72E3F77D-F93B-44E1-B765-F01069CE7394}.Release|Win32.Build.0 = Release|Win32
		{72E3F77D-F93B-44E1-B765-F01069CE7394}.Release|x64.ActiveCfg = Release|x64
		{72E3F77D-F93B-44E1-B765-F01069CE7394}.Release|x64.Build.0 = Release|x64
		{4BD9BE9F-E0F6-4977-B042-D44A63283AE3}.Debug|Win32.ActiveCfg = Debug|Win32
		{4BD9BE9F-E0F6-4977-B042-D44A63283AE3}.Debug|Win32.Build.0 = Debug|Win32
		{4BD9BE9F-E0F6-4977-B042-D44A63283AE3}.Debug|x64.ActiveCfg = Debug|x64
		{4BD9BE9F-E0F6-4977-B042-D44A63283AE3}.Debug|x64.Build.0 = Debug|x64
		{4BD9BE9F-E0F6-4977-B042-D44A63283AE3}.MPI_Debug|Win32.ActiveCfg = MPI_Debug|Win32
		{4BD9BE9F-E0F6-4977-B042-D44A63283AE3}.MPI_Debug|Win32.Build.0 = MPI_Debug|Win32
		{4BD9BE9F-E0F6-4977-B042-D44A63283AE3}.MPI_Debug|x64.ActiveCfg = MPI_Debug|x64
		{4BD9BE9F-E0F6-4977-B042-D44A63283AE3}.MPI_Debug|x64.Build.0 = MPI_Debug|x64
		{4BD9BE9F-E0F6-4977-B042-D44A63283AE3}.MPI_netcdf_Debug|Win32.ActiveCfg = MPI_netcdf_Debug|Win32
		{4BD9BE9F-E0F6-4977-B042-D44A63283AE3}.MPI_netcdf_Debug|Win32.Build.0 = MPI_netcdf_Debug|Win32
		{4BD9BE9F-E0F6-4977-B042-D44A63283AE3}.MPI_netcdf_Debug|x64.ActiveCfg = MPI_netcdf_Debug|x64
		{4BD9BE9F-E0F6-4977-B042-D44A63283AE3}.MPI_netcdf_Debug|x64.Build.0 = MPI_netcdf_Debug|x64
		{4BD9BE9F-E0F6-4977-B042-D44A63283AE3}.MPI_netcdf_Release|Win32.ActiveCfg = MPI_netcdf_Release|Win32
		{4BD9BE9F-E0F6-4977-B042-D44A63283AE3}.MPI_netcdf_Release|Win32.Build.0 = MPI_netcdf_Release|Win32
		{4BD9BE9F-E0F6-4977-B042-D44A63283AE3}.MPI_netcdf_Release|x64.ActiveCfg = MPI_netcdf_Release|x64
		{4BD9BE9F-E0F6-4977-B042-D44A63283AE3}.MPI_netcdf_Release|x64.Build.0 = MPI_netcdf_Release|x64
		{4BD9BE9F-E0F6-4977-B042-D44A63283AE3}.MPI_Release|Win32.ActiveCfg = MPI_Release|Win32
		{4BD9BE9F-E0F6-4977-B042-D44A63283AE3}.MPI_Release|Win32.Build.0 = MPI_Release|Win32
		{4BD9BE9F-E0F6-4977-B042-D44A63283AE3}.MPI_Release|x64.ActiveCfg = MPI_Release|x64
		{4BD9BE9F-E0F6-4977-B042-D44A63283AE3}.MPI_Release|x64.Build.0 = MPI_Release|x64
		{4BD9BE9F-E0F6-4977-B042-D44A63283AE3}.netcdf_Debug|Win32.ActiveCfg = netcdf_Debug|Win32
		{4BD9BE9F-E0F6-4977-B042-D44A63283AE3}.netcdf_Debug|Win32.Build.0 = netcdf_Debug|Win32
		{4BD9BE9F-E0F6-4977-B042-D44A63283AE3}.netcdf_Debug|x64.ActiveCfg = netcdf_Debug|x64
		{4BD9BE9F-E0F6-4977-B042-D44A63283AE3}.netcdf_Debug|x64.Build.0 = netcdf_Debug|x64
		{4BD9BE9F-E0F6-4977-B042-D44A63283AE3}.netcdf_Release|Win32.ActiveCfg = netcdf_Release|Win32
		{4BD9BE9F-E0F6-4977-B042-D44A63283AE3}.netcdf_Release|Win32.Build.0 = netcdf_Release|Win32
		{4BD9BE9F-E0F6-4977-B042-D44A63283AE3}.netcdf_Release|x64.ActiveCfg = netcdf_Release|x64
		{4BD9BE9F-E0F6-4977-B042-D44A63283AE3}.netcdf_Release|x64.Build.0 = netcdf_Release|x64
		{4BD9BE9F-E0F6-4977-B042-D44A63283AE3}.Release|Win32.ActiveCfg = Release|Win32
		{4BD9BE9F-E0F6-4977-B042-D44A63283AE3}.Release|Win32.Build.0 = Release|Win32
		{4BD9BE9F-E0F6-4977-B042-D44A63283AE3}.Release|x64.ActiveCfg = Release|x64
		{4BD9BE9F-E0F6-4977-B042-D44A63283AE3}.Release|x64.Build.0 = Release|x64
		{00429065-5672-4461-86AF-39FCFAC53DAF}.Debug|Win32.ActiveCfg = Debug|Win32
		{00429065-5672-4461-86AF-39FCFAC53DAF}.Debug|Win32.Build.0 = Debug|Win32
		{00429065-5672-4461-86AF-39FCFAC53DAF}.Debug|x64.ActiveCfg = Debug|x64
		{00429065-5672-4461-86AF-39FCFAC53DAF}.Debug|x64.Build.0 = Debug|x64
		{00429065-5672-4461-86AF-39FCFAC53DAF}.MPI_Debug|Win32.ActiveCfg = MPI_Debug|Win32
		{00429065-5672-4461-86AF-39FCFAC53DAF}.MPI_Debug|Win32.Build.0 = MPI_Debug|Win32
		{00429065-5672-4461-86AF-39FCFAC53DAF}.MPI_Debug|x64.ActiveCfg = MPI_Debug|x64
		{00429065-5672-4461-86AF-39FCFAC53DAF}.MPI_Debug|x64.Build.0 = MPI_Debug|x64
		{00429065-5672-4461-86AF-39FCFAC53DAF}.MPI_netcdf_Debug|Win32.ActiveCfg = MPI_netcdf_Debug|Win32
		{00429065-5672-4461-86AF-39FCFAC53DAF}.MPI_netcdf_Debug|Win32.Build.0 = MPI_netcdf_Debug|Win32
		{00429065-5672-4461-86AF-39FCFAC53DAF}.MPI_netcdf_Debug|x64.ActiveCfg = MPI_netcdf_Debug|x64
		{00429065-5672-4461-86AF-39FCFAC53DAF}.MPI_netcdf_Debug|x64.Build.0 = MPI_netcdf_Debug|x64
		{00429065-5672-4461-86AF-39FCFAC53DAF}.MPI_netcdf_Release|Win32.ActiveCfg = MPI_netcdf_Release|Win32
		{00429065-5672-4461-86AF-39FCFAC53DAF}.MPI_netcdf_Release|Win32.Build.0 = MPI_netcdf_Release|Win32
		{00429065-5672-4461-86AF-39FCFAC53DAF}.MPI_netcdf_Release|x64.ActiveCfg = MPI_netcdf_Release|x64
		{00429065-5672-4461-86AF-39FCFAC53DAF}.MPI_netcdf_Release|x64.Build.0 = MPI_netcdf_Release|x64
		{00429065-5672-4461-86AF-39FCFAC53DAF}.MPI_Release|Win32.ActiveCfg = MPI_Release|Win32
		{00429065-5672-4461-86AF-39FCFAC53DAF}.MPI_Release|Win32.Build.0 = MPI_Release|Win32
		{00429065-5672-4461-86AF-39FCFAC53DAF}.MPI_Release|x64.ActiveCfg = MPI_Release|x64
		{00429065-5672-4461-86AF-39FCFAC53DAF}.MPI_Release|x64.Build.0 = MPI_Release|x64
		{00429065-5672-4461-86AF-39FCFAC53DAF}.netcdf_Debug|Win32.ActiveCfg = netcdf_Debug|Win32
		{00429065-5672-4461-86AF-39FCFAC53DAF}.netcdf_Debug|Win32.Build.0 = netcdf_Debug|Win32
		{00429065-5672-4461-86AF-39FCFAC53DAF}.netcdf_Debug|x64.ActiveCfg = netcdf_Debug|x64
		{00429065-5672-4461-86AF-39FCFAC53DAF}.netcdf_Debug|x64.Build.0 = netcdf_Debug|x64
		{00429065-5672-4461-86AF-39FCFAC53DAF}.netcdf_Release|Win32.ActiveCfg = netcdf_Release|Win32
		{00429065-5672-4461-86AF-39FCFAC53DAF}.netcdf_Release|Win32.Build.0 = netcdf_Release|Win32
		{00429065-5672-4461-86AF-39FCFAC53DAF}.netcdf_Release|x64.ActiveCfg = netcdf_Release|x64
		{00429065-5672-4461-86AF-39FCFAC53DAF}.netcdf_Release|x64.Build.0 = netcdf_Release|x64
		{00429065-5672-4461-86AF-39FCFAC53DAF}.Release|Win32.ActiveCfg = Release|Win32
		{00429065-5672-4461-86AF-39FCFAC53DAF}.Release|Win32.Build.0 = Release|Win32
		{00429065-5672-4461-86AF-39FCFAC53DAF}.Release|x64.ActiveCfg = Release|x64
		{00429065-5672-4461-86AF-39FCFAC53DAF}.Release|x64.Build.0 = Release|x64
		{C00053C4-E4CD-4A74-8674-E2C54BEAA9A0}.Debug|Win32.ActiveCfg = Debug|Win32
		{C00053C4-E4CD-4A74-8674-E2C54BEAA9A0}.Debug|Win32.Build.0 = Debug|Win32
		{C00053C4-E4CD-4A74-8674-E2C54BEAA9A0}.Debug|x64.ActiveCfg = Debug|x64
		{C00053C4-E4CD-4A74-8674-E2C54BEAA9A0}.Debug|x64.Build.0 = Debug|x64
		{C00053C4-E4CD-4A74-8674-E2C54BEAA9A0}.MPI_Debug|Win32.ActiveCfg = MPI_Debug|Win32
		{C00053C4-E4CD-4A74-8674-E2C54BEAA9A0}.MPI_Debug|Win32.Build.0 = MPI_Debug|Win32
		{C00053C4-E4CD-4A74-8674-E2C54BEAA9A0}.MPI_Debug|x64.ActiveCfg = MPI_Debug|x64
		{C00053C4-E4CD-4A74-8674-E2C54BEAA9A0}.MPI_Debug|x64.Build.0 = MPI_Debug|x64
		{C00053C4-E4CD-4A74-8674-E2C54BEAA9A0}.MPI_netcdf_Debug|Win32.ActiveCfg = MPI_netcdf_Debug|Win32
		{C00053C4-E4CD-4A74-8674-E2C54BEAA9A0}.MPI_netcdf_Debug|Win32.Build.0 = MPI_netcdf_Debug|Win32
		{C00053C4-E4CD-4A74-8674-E2C54BEAA9A0}.MPI_netcdf_Debug|x64.ActiveCfg = MPI_netcdf_Debug|x64
		{C00053C4-E4CD-4A74-8674-E2C54BEAA9A0}.MPI_netcdf_Debug|x64.Build.0 = MPI_netcdf_Debug|x64
		{C00053C4-E4CD-4A74-8674-E2C54BEAA9A0}.MPI_netcdf_Release|Win32.ActiveCfg = MPI_netcdf_Release|Win32
		{C00053C4-E4CD-4A74-8674-E2C54BEAA9A0}.MPI_netcdf_Release|Win32.Build.0 = MPI_netcdf_Release|Win32
		{C00053C4-E4CD-4A74-8674-E2C54BEAA9A0}.MPI_netcdf_Release|x64.ActiveCfg = MPI_netcdf_Release|x64
		{C00053C4-E4CD-4A74-8674-E2C54BEAA9A0}.MPI_netcdf_Release|x64.Build.0 = MPI_netcdf_Release|x64
		{C00053C4-E4CD-4A74-8674-E2C54BEAA9A0}.MPI_Release|Win32.ActiveCfg = MPI_Release|Win32
		{C00053C4-E4CD-4A74-8674-E2C54BEAA9A0}.MPI_Release|Win32.Build.0 = MPI_Release|Win32
		{C00053C4-E4CD-4A74-8674-E2C54BEAA9A0}.MPI_Release|x64.ActiveCfg = MPI_Release|x64
		{C00053C4-E4CD-4A74-8674-E2C54BEAA9A0}.MPI_Release|x64.Build.0 = MPI_Release|x64
		{C00053C4-E4CD-4A74-8674-E2C54BEAA9A0}.netcdf_Debug|Win32.ActiveCfg = netcdf_Debug|Win32
		{C00053C4-E4CD-4A74-8674-E2C54BEAA9A0}.netcdf_Debug|Win32.Build.0 = netcdf_Debug|Win32
		{C00053C4-E4CD-4A74-8674-E2C54BEAA9A0}.netcdf_Debug|x64.ActiveCfg = netcdf_Debug|x64
		{C00053C4-E4CD-4A74-8674-E2C54BEAA9A0}.netcdf_Debug|x64.Build.0 = netcdf_Debug|x64
		{C00053C4-E4CD-4A74-8674-E2C54BEAA9A0}.netcdf_Release|Win32.ActiveCfg = netcdf_Release|Win32
		{C00053C4-E4CD-4A74-8674-E2C54BEAA9A0}.netcdf_Release|Win32.Build.0 = netcdf_Release|Win32
		{C00053C4-E4CD-4A74-8674-E2C54BEAA9A0}.netcdf_Release|x64.ActiveCfg = netcdf_Release|x64
		{C00053C4-E4CD-4A74-8674-E2C54BEAA9A0}.netcdf_Release|x64.Build.0 = netcdf_Release|x64
		{C00053C4-E4CD-4A74-8674-E2C54BEAA9A0}.Release|Win32.ActiveCfg = Release|Win32
		{C00053C4-E4CD-4A74-8674-E2C54BEAA9A0}.Release|Win32.Build.0 = Release|Win32
		{C00053C4-E4CD-4A74-8674-E2C54BEAA9A0}.Release|x64.ActiveCfg = Release|x64
		{C00053C4-E4CD-4A74-8674-E2C54BEAA9A0}.Release|x64.Build.0 = Release|x64
		{10382558-3C7B-4BED-BEE8-C89EDCAE740B}.Debug|Win32.ActiveCfg = Debug|Win32
		{10382558-3C7B-4BED-BEE8-C89EDCAE740B}.Debug|Win32.Build.0 = Debug|Win32
		{10382558-3C7B-4BED-BEE8-C89EDCAE740B}.Debug|x64.ActiveCfg = Debug|x64
		{10382558-3C7B-4BED-BEE8-C89EDCAE740B}.Debug|x64.Build.0 = Debug|x64
		{10382558-3C7B-4BED-BEE8-C89EDCAE740B}.MPI_Debug|Win32.ActiveCfg = MPI_Debug|Win32
		{10382558-3C7B-4BED-BEE8-C89EDCAE740B}.MPI_Debug|Win32.Build.0 = MPI_Debug|Win32
		{10382558-3C7B-4BED-BEE8-C89EDCAE740B}.MPI_Debug|x64.ActiveCfg = MPI_Debug|x64
		{10382558-3C7B-4BED-BEE8-C89EDCAE740B}.MPI_Debug|x64.Build.0 = MPI_Debug|x64
		{10382558-3C7B-4BED-BEE8-C89EDCAE740B}.MPI_netcdf_Debug|Win32.ActiveCfg = MPI_netcdf_Debug|Win32
		{10382558-3C7B-4BED-BEE8-C89EDCAE740B}.MPI_netcdf_Debug|Win32.Build.0 = MPI_netcdf_Debug|Win32
		{10382558-3C7B-4BED-BEE8-C89EDCAE740B}.MPI_netcdf_Debug|x64.ActiveCfg = MPI_netcdf_Debug|x64
		{10382558-3C7B-4BED-BEE8-C89EDCAE740B}.MPI_netcdf_Debug|x64.Build.0 = MPI_netcdf_Debug|x64
		{10382558-3C7B-4BED-BEE8-C89EDCAE740B}.MPI_netcdf_Release|Win32.ActiveCfg = MPI_netcdf_Release|Win32
		{10382558-3C7B-4BED-BEE8-C89EDCAE740B}.MPI_netcdf_Release|Win32.Build.0 = MPI_netcdf_Release|Win32
		{10382558-3C7B-4BED-BEE8-C89EDCAE740B}.MPI_netcdf_Release|x64.ActiveCfg = MPI_netcdf_Release|x64
		{10382558-3C7B-4BED-BEE8-C89EDCAE740B}.MPI_netcdf_Release|x64.Build.0 = MPI_netcdf_Release|x64
		{10382558-3C7B-4BED-BEE8-C89EDCAE740B}.MPI_Release|Win32.ActiveCfg = MPI_Release|Win32
		{10382558-3C7B-4BED-BEE8-C89EDCAE740B}.MPI_Release|Win32.Build.0 = MPI_Release|Win32
		{10382558-3C7B-4BED-BEE8-C89EDCAE740B}.MPI_Release|x64.ActiveCfg = MPI_Release|x64
		{10382558-3C7B-4BED-BEE8-C89EDCAE740B}.MPI_Release|x64.Build.0 = MPI_Release|x64
		{10382558-3C7B-4BED-BEE8-C89EDCAE740B}.netcdf_Debug|Win32.ActiveCfg = netcdf_Debug|Win32
		{10382558-3C7B-4BED-BEE8-C89EDCAE740B}.netcdf_Debug|Win32.Build.0 = netcdf_Debug|Win32
		{10382558-3C7B-4BED-BEE8-C89EDCAE740B}.netcdf_Debug|x64.ActiveCfg = netcdf_Debug|x64
		{10382558-3C7B-4BED-BEE8-C89EDCAE740B}.netcdf_Debug|x64.Build.0 = netcdf_Debug|x64
		{10382558-3C7B-4BED-BEE8-C89EDCAE740B}.netcdf_Release|Win32.ActiveCfg = netcdf_Release|Win32
		{10382558-3C7B-4BED-BEE8-C89EDCAE740B}.netcdf_Release|Win32.Build.0 = netcdf_Release|Win32
		{10382558-3C7B-4BED-BEE8-C89EDCAE740B}.netcdf_Release|x64.ActiveCfg = netcdf_Release|x64
		{10382558-3C7B-4BED-BEE8-C89EDCAE740B}.netcdf_Release|x64.Build.0 = netcdf_Release|x64
		{10382558-3C7B-4BED-BEE8-C89EDCAE740B}.Release|Win32.ActiveCfg = Release|Win32
		{10382558-3C7B-4BED-BEE8-C89EDCAE740B}.Release|Win32.Build.0 = Release|Win32
		{10382558-3C7B-4BED-BEE8-C89EDCAE740B}.Release|x64.ActiveCfg = Release|x64
		{10382558-3C7B-4BED-BEE8-C89EDCAE740B}.Release|x64.Build.0 = Release|x64
		{5E99D89A-B02F-4F92-8EA0-CD2110643379}.Debug|Win32.ActiveCfg = Debug|Win32
		{5E99D89A-B02F-4F92-8EA0-CD2110643379}.Debug|Win32.Build.0 = Debug|Win32
		{5E99D89A-B02F-4F92-8EA0-CD2110643379}.Debug|x64.ActiveCfg = Debug|x64
		{5E99D89A-B02F-4F92-8EA0-CD2110643379}.Debug|x64.Build.0 = Debug|x64                
		{5E99D89A-B02F-4F92-8EA0-CD2110643379}.MPI_Debug|Win32.ActiveCfg = MPI_Debug|Win32
		{5E99D89A-B02F-4F92-8EA0-CD2110643379}.MPI_Debug|Win32.Build.0 = MPI_Debug|Win32
		{5E99D89A-B02F-4F92-8EA0-CD2110643379}.MPI_Debug|x64.ActiveCfg = MPI_Debug|x64
		{5E99D89A-B02F-4F92-8EA0-CD2110643379}.MPI_Debug|x64.Build.0 = MPI_Debug|x64                
		{5E99D89A-B02F-4F92-8EA0-CD2110643379}.MPI_netcdf_Debug|Win32.ActiveCfg = MPI_netcdf_Debug|Win32
		{5E99D89A-B02F-4F92-8EA0-CD2110643379}.MPI_netcdf_Debug|Win32.Build.0 = MPI_netcdf_Debug|Win32
		{5E99D89A-B02F-4F92-8EA0-CD2110643379}.MPI_netcdf_Debug|x64.ActiveCfg = MPI_netcdf_Debug|x64
		{5E99D89A-B02F-4F92-8EA0-CD2110643379}.MPI_netcdf_Debug|x64.Build.0 = MPI_netcdf_Debug|x64                
		{5E99D89A-B02F-4F92-8EA0-CD2110643379}.MPI_netcdf_Release|Win32.ActiveCfg = MPI_netcdf_Release|Win32
		{5E99D89A-B02F-4F92-8EA0-CD2110643379}.MPI_netcdf_Release|Win32.Build.0 = MPI_netcdf_Release|Win32
		{5E99D89A-B02F-4F92-8EA0-CD2110643379}.MPI_netcdf_Release|x64.ActiveCfg = MPI_netcdf_Release|x64
		{5E99D89A-B02F-4F92-8EA0-CD2110643379}.MPI_netcdf_Release|x64.Build.0 = MPI_netcdf_Release|x64                
		{5E99D89A-B02F-4F92-8EA0-CD2110643379}.MPI_Release|Win32.ActiveCfg = MPI_Release|Win32
		{5E99D89A-B02F-4F92-8EA0-CD2110643379}.MPI_Release|Win32.Build.0 = MPI_Release|Win32
		{5E99D89A-B02F-4F92-8EA0-CD2110643379}.MPI_Release|x64.ActiveCfg = MPI_Release|x64
		{5E99D89A-B02F-4F92-8EA0-CD2110643379}.MPI_Release|x64.Build.0 = MPI_Release|x64                
		{5E99D89A-B02F-4F92-8EA0-CD2110643379}.netcdf_Debug|Win32.ActiveCfg = netcdf_Debug|Win32
		{5E99D89A-B02F-4F92-8EA0-CD2110643379}.netcdf_Debug|Win32.Build.0 = netcdf_Debug|Win32
		{5E99D89A-B02F-4F92-8EA0-CD2110643379}.netcdf_Debug|x64.ActiveCfg = netcdf_Debug|x64
		{5E99D89A-B02F-4F92-8EA0-CD2110643379}.netcdf_Debug|x64.Build.0 = netcdf_Debug|x64                
		{5E99D89A-B02F-4F92-8EA0-CD2110643379}.netcdf_Release|Win32.ActiveCfg = netcdf_Release|Win32
		{5E99D89A-B02F-4F92-8EA0-CD2110643379}.netcdf_Release|Win32.Build.0 = netcdf_Release|Win32
		{5E99D89A-B02F-4F92-8EA0-CD2110643379}.netcdf_Release|x64.ActiveCfg = netcdf_Release|x64
		{5E99D89A-B02F-4F92-8EA0-CD2110643379}.netcdf_Release|x64.Build.0 = netcdf_Release|x64                
		{5E99D89A-B02F-4F92-8EA0-CD2110643379}.Release|Win32.ActiveCfg = Release|Win32
		{5E99D89A-B02F-4F92-8EA0-CD2110643379}.Release|Win32.Build.0 = Release|Win32
		{5E99D89A-B02F-4F92-8EA0-CD2110643379}.Release|x64.ActiveCfg = Release|x64
		{5E99D89A-B02F-4F92-8EA0-CD2110643379}.Release|x64.Build.0 = Release|x64                
	EndGlobalSection
	GlobalSection(SolutionProperties) = preSolution
		HideSolutionNode = FALSE
	EndGlobalSection
	GlobalSection(NestedProjects) = preSolution
		{72E3F77D-F93B-44E1-B765-F01069CE7394} = {9F2BF830-E304-4A05-881E-CF93135C8694}
		{4BD9BE9F-E0F6-4977-B042-D44A63283AE3} = {9F2BF830-E304-4A05-881E-CF93135C8694}
		{C00053C4-E4CD-4A74-8674-E2C54BEAA9A0} = {9F2BF830-E304-4A05-881E-CF93135C8694}
		{5E99D89A-B02F-4F92-8EA0-CD2110643379} = {9F2BF830-E304-4A05-881E-CF93135C8694}
		{00429065-5672-4461-86AF-39FCFAC53DAF} = {0C10B4F0-837E-48E3-A85C-3AEC67507510}
		{10382558-3C7B-4BED-BEE8-C89EDCAE740B} = {0C10B4F0-837E-48E3-A85C-3AEC67507510}
	EndGlobalSection
EndGlobal
