
Microsoft Visual Studio Solution File, Format Version 10.00
# Visual Studio 2008
Project("{6989167D-11E4-40FE-8C1A-2192A86A7E90}") = "XBeach", "XBeach.vfproj", "{72E3F77D-F93B-44E1-B765-F01069CE7394}"
	ProjectSection(ProjectDependencies) = postProject
		{E16E9B65-2758-4331-95FA-6A9FEC944CC8} = {E16E9B65-2758-4331-95FA-6A9FEC944CC8}
	EndProjectSection
EndProject
Project("{6989167D-11E4-40FE-8C1A-2192A86A7E90}") = "makeincludes", "makeincludes.vfproj", "{E16E9B65-2758-4331-95FA-6A9FEC944CC8}"
EndProject
Global
	GlobalSection(SolutionConfigurationPlatforms) = preSolution
		Debug|Win32 = Debug|Win32
		Release|Win32 = Release|Win32
	EndGlobalSection
	GlobalSection(ProjectConfigurationPlatforms) = postSolution
		{72E3F77D-F93B-44E1-B765-F01069CE7394}.Debug|Win32.ActiveCfg = Debug|Win32
		{72E3F77D-F93B-44E1-B765-F01069CE7394}.Debug|Win32.Build.0 = Debug|Win32
		{72E3F77D-F93B-44E1-B765-F01069CE7394}.Release|Win32.ActiveCfg = Release|Win32
		{72E3F77D-F93B-44E1-B765-F01069CE7394}.Release|Win32.Build.0 = Release|Win32
		{E16E9B65-2758-4331-95FA-6A9FEC944CC8}.Debug|Win32.ActiveCfg = Debug|Win32
		{E16E9B65-2758-4331-95FA-6A9FEC944CC8}.Debug|Win32.Build.0 = Debug|Win32
		{E16E9B65-2758-4331-95FA-6A9FEC944CC8}.Release|Win32.ActiveCfg = Release|Win32
		{E16E9B65-2758-4331-95FA-6A9FEC944CC8}.Release|Win32.Build.0 = Release|Win32
	EndGlobalSection
	GlobalSection(SolutionProperties) = preSolution
		HideSolutionNode = FALSE
	EndGlobalSection
EndGlobal
